{
  "name": "erc721",
  "lockfileVersion": 2,
  "requires": true,
  "packages": {
    "": {
      "dependencies": {
        "@openzeppelin/contracts": "^4.1.0",
        "openzeppelin-contracts": "^4.0.0",
        "openzeppelin-solidity": "^4.1.0"
      }
    },
    "node_modules/@openzeppelin/contracts": {
      "version": "4.1.0",
      "resolved": "https://registry.npmjs.org/@openzeppelin/contracts/-/contracts-4.1.0.tgz",
      "integrity": "sha512-TihZitscnaHNcZgXGj9zDLDyCqjziytB4tMCwXq0XimfWkAjBYyk5/pOsDbbwcavhlc79HhpTEpQcrMnPVa1mw=="
    },
    "node_modules/openzeppelin-contracts": {
      "version": "4.0.0",
      "resolved": "https://registry.npmjs.org/openzeppelin-contracts/-/openzeppelin-contracts-4.0.0.tgz",
      "integrity": "sha512-SlBeiWSJKhX9EY2Nlgev4P/LMBWWSk6wL+eqikAe9gODpxrQwLOx4Rw3vyHuJaChrUTlGyR4Gl1NqJMw0J15eQ=="
    },
    "node_modules/openzeppelin-solidity": {
      "version": "4.1.0",
      "resolved": "https://registry.npmjs.org/openzeppelin-solidity/-/openzeppelin-solidity-4.1.0.tgz",
      "integrity": "sha512-eOTwAu5q909S+Lqi4QnTQClY8KLpdnpiddrrrCuDSDaOgohBbl4VMcJj325k67m2qyalqvHu/2Fj5qqj5V9oLw==",
      "deprecated": "This package is now published as @openzeppelin/contracts. Please change your dependency.",
      "bin": {
        "openzeppelin-contracts-migrate-imports": "scripts/migrate-imports.js"
      }
    }
  },
  "dependencies": {
    "@openzeppelin/contracts": {
      "version": "4.1.0",
      "resolved": "https://registry.npmjs.org/@openzeppelin/contracts/-/contracts-4.1.0.tgz",
      "integrity": "sha512-TihZitscnaHNcZgXGj9zDLDyCqjziytB4tMCwXq0XimfWkAjBYyk5/pOsDbbwcavhlc79HhpTEpQcrMnPVa1mw=="
    },
    "openzeppelin-contracts": {
      "version": "4.0.0",
      "resolved": "https://registry.npmjs.org/openzeppelin-contracts/-/openzeppelin-contracts-4.0.0.tgz",
      "integrity": "sha512-SlBeiWSJKhX9EY2Nlgev4P/LMBWWSk6wL+eqikAe9gODpxrQwLOx4Rw3vyHuJaChrUTlGyR4Gl1NqJMw0J15eQ=="
    },
    "openzeppelin-solidity": {
      "version": "4.1.0",
      "resolved": "https://registry.npmjs.org/openzeppelin-solidity/-/openzeppelin-solidity-4.1.0.tgz",
      "integrity": "sha512-eOTwAu5q909S+Lqi4QnTQClY8KLpdnpiddrrrCuDSDaOgohBbl4VMcJj325k67m2qyalqvHu/2Fj5qqj5V9oLw=="
    }
  }
}
